{
  "nodes": {
    "nixpkgs": {
      "locked": {
        "lastModified": 1700029990,
        "narHash": "sha256-CWMGfF/o21HAgsDbzBn7u7EM3+5gg3T4xoMaPMD7vN0=",
        "owner": "NixOS",
        "repo": "nixpkgs",
        "rev": "c46eae0f3572fbe7af42e5d40648b7b4a1d1317b",
        "type": "github"
      },
      "original": {
        "owner": "NixOS",
        "ref": "staging-next",
        "repo": "nixpkgs",
        "type": "github"
      }
    },
    "root": {
      "inputs": {
        "nixpkgs": "nixpkgs"
      }
    }
  },
  "root": "root",
  "version": 7
}
